{
  "nodes": {
    "ciel": {
      "inputs": {
        "nix-eda": [
          "librelane",
          "nix-eda"
        ]
      },
      "locked": {
        "lastModified": 1781534696,
        "narHash": "sha256-O2HgkRzTWd8GjMEkQZw9F4Re7zYIxZ+gPjs3gwy4DqE=",
        "owner": "fossi-foundation",
        "repo": "ciel",
        "rev": "6978e6b37970e91049542ece6e26b49a1505ff87",
        "type": "github"
      },
      "original": {
        "owner": "fossi-foundation",
        "ref": "2.5.1",
        "repo": "ciel",
        "type": "github"
      }
    },
    "devshell": {
      "inputs": {
        "nixpkgs": [
          "librelane",
          "nix-eda",
          "nixpkgs"
        ]
      },
      "locked": {
        "lastModified": 1768818222,
        "narHash": "sha256-460jc0+CZfyaO8+w8JNtlClB2n4ui1RbHfPTLkpwhU8=",
        "owner": "numtide",
        "repo": "devshell",
        "rev": "255a2b1725a20d060f566e4755dbf571bbbb5f76",
        "type": "github"
      },
      "original": {
        "owner": "numtide",
        "repo": "devshell",
        "type": "github"
      }
    },
    "flake-compat": {
      "flake": false,
      "locked": {
        "lastModified": 1767039857,
        "narHash": "sha256-vNpUSpF5Nuw8xvDLj2KCwwksIbjua2LZCqhV1LNRDns=",
        "owner": "NixOS",
        "repo": "flake-compat",
        "rev": "5edf11c44bc78a0d334f6334cdaf7d60d732daab",
        "type": "github"
      },
      "original": {
        "owner": "NixOS",
        "repo": "flake-compat",
        "type": "github"
      }
    },
    "librelane": {
      "inputs": {
        "ciel": "ciel",
        "devshell": "devshell",
        "flake-compat": "flake-compat",
        "nix-eda": [
          "nix-eda"
        ]
      },
      "locked": {
        "lastModified": 1785453985,
        "narHash": "sha256-rcRN0hFvN0GiIVOKh5jiSfLTYnmnl52Qm0Dhxsl712Q=",
        "owner": "librelane",
        "repo": "librelane",
        "rev": "fb1291cb1fda72090841aff2b348170aa9d9d8a2",
        "type": "github"
      },
      "original": {
        "owner": "librelane",
        "ref": "dev",
        "repo": "librelane",
        "type": "github"
      }
    },
    "nix-eda": {
      "inputs": {
        "nixpkgs": "nixpkgs"
      },
      "locked": {
        "lastModified": 1785658736,
        "narHash": "sha256-c9XcjpGezTTZ1sSYuEfybO95Mavs0922PuCQZm9HsnE=",
        "owner": "fossi-foundation",
        "repo": "nix-eda",
        "rev": "eafa468dc5ad8c579b69681d93400dabf3bbef78",
        "type": "github"
      },
      "original": {
        "owner": "fossi-foundation",
        "ref": "leo/xschem",
        "repo": "nix-eda",
        "type": "github"
      }
    },
    "nixpkgs": {
      "locked": {
        "lastModified": 1780734595,
        "narHash": "sha256-DmTfP92QFYRLOGXlMIE54MAgxSJjDWocl3gRNOu72Os=",
        "owner": "nixos",
        "repo": "nixpkgs",
        "rev": "9b696460ac78b5ccfc17c854d8c976f20456e943",
        "type": "github"
      },
      "original": {
        "owner": "nixos",
        "ref": "nixos-26.05",
        "repo": "nixpkgs",
        "type": "github"
      }
    },
    "root": {
      "inputs": {
        "librelane": "librelane",
        "nix-eda": "nix-eda"
      }
    }
  },
  "root": "root",
  "version": 7
}
